
Microsoft Visual Studio Solution File, Format Version 12.00
# Visual Studio Version 16
VisualStudioVersion = 16.0.30204.135
MinimumVisualStudioVersion = 10.0.40219.1
Project("{FAE04EC0-301F-11D3-BF4B-00C04F79EFBC}") = "WeatherForecast", "WeatherForecast\WeatherForecast.csproj", "{43F1A5A5-016B-4DCB-ADE0-83920DF810B1}"
EndProject
Global
	GlobalSection(SolutionConfigurationPlatforms) = preSolution
		Debug|Any CPU = Debug|Any CPU
		Release|Any CPU = Release|Any CPU
	EndGlobalSection
	GlobalSection(ProjectConfigurationPlatforms) = postSolution
		{43F1A5A5-016B-4DCB-ADE0-83920DF810B1}.Debug|Any CPU.ActiveCfg = Debug|Any CPU
		{43F1A5A5-016B-4DCB-ADE0-83920DF810B1}.Debug|Any CPU.Build.0 = Debug|Any CPU
		{43F1A5A5-016B-4DCB-ADE0-83920DF810B1}.Release|Any CPU.ActiveCfg = Release|Any CPU
		{43F1A5A5-016B-4DCB-ADE0-83920DF810B1}.Release|Any CPU.Build.0 = Release|Any CPU
	EndGlobalSection
	GlobalSection(SolutionProperties) = preSolution
		HideSolutionNode = FALSE
	EndGlobalSection
	GlobalSection(ExtensibilityGlobals) = postSolution
		SolutionGuid = {65A8D3D1-2023-4BD9-B84B-182D6BAB932E}
	EndGlobalSection
EndGlobal
